<?xml version="1.0" encoding="utf-8"?>
<Project ToolsVersion="4.0" xmlns="http://schemas.microsoft.com/developer/msbuild/2003">
  <ItemGroup>
    <Filter Include="Source Files">
      <UniqueIdentifier>{4FC737F1-C7A5-4376-A066-2A32D752A2FF}</UniqueIdentifier>
      <Extensions>cpp;c;cc;cxx;def;odl;idl;hpj;bat;asm;asmx</Extensions>
    </Filter>
    <Filter Include="Scripts">
      <UniqueIdentifier>{be9b3341-f8e3-4027-9927-5127dd4929ab}</UniqueIdentifier>
    </Filter>
  </ItemGroup>
  <ItemGroup>
    <Text Include="ReadMe.txt" />
  </ItemGroup>
  <ItemGroup>
    <ClInclude Include="targetver.h">
      <Filter>Source Files</Filter>
    </ClInclude>
    <ClInclude Include="stdafx.h">
      <Filter>Source Files</Filter>
    </ClInclude>
    <ClInclude Include="MikaWorld.h">
      <Filter>Source Files</Filter>
    </ClInclude>
    <ClInclude Include="MikaVM.h">
      <Filter>Source Files</Filter>
    </ClInclude>
    <ClInclude Include="MikaArchive.h">
      <Filter>Source Files</Filter>
    </ClInclude>
    <ClInclude Include="Glue.h">
      <Filter>Source Files</Filter>
    </ClInclude>
    <ClInclude Include="MikaOpcodes.h">
      <Filter>Source Files</Filter>
    </ClInclude>
    <ClInclude Include="GeneratedGlue.hpp">
      <Filter>Source Files</Filter>
    </ClInclude>
  </ItemGroup>
  <ItemGroup>
    <ClCompile Include="stdafx.cpp">
      <Filter>Source Files</Filter>
    </ClCompile>
    <ClCompile Include="MikaWorld.cpp">
      <Filter>Source Files</Filter>
    </ClCompile>
    <ClCompile Include="MikaVM.cpp">
      <Filter>Source Files</Filter>
    </ClCompile>
    <ClCompile Include="MikaArchive.cpp">
      <Filter>Source Files</Filter>
    </ClCompile>
    <ClCompile Include="Glue.cpp">
      <Filter>Source Files</Filter>
    </ClCompile>
  </ItemGroup>
  <ItemGroup>
    <None Include="Quake.mika">
      <Filter>Scripts</Filter>
    </None>
  </ItemGroup>
  <ItemGroup>
    <CustomBuild Include="MikaGlue.mikah">
      <Filter>Scripts</Filter>
    </CustomBuild>
  </ItemGroup>
</Project>